// !$*UTF8*$!
{
	archiveVersion = 1;
	classes = {
	};
	objectVersion = 56;
	objects = {

/* Begin PBXBuildFile section */
		9F01B33E2A1918DD00A33DDB /* AppDelegate.swift in Sources */ = {isa = PBXBuildFile; fileRef = 9F01B33D2A1918DD00A33DDB /* AppDelegate.swift */; };
		9F01B3402A1918DD00A33DDB /* SceneDelegate.swift in Sources */ = {isa = PBXBuildFile; fileRef = 9F01B33F2A1918DD00A33DDB /* SceneDelegate.swift */; };
		9F01B3452A1918DD00A33DDB /* Main.storyboard in Resources */ = {isa = PBXBuildFile; fileRef = 9F01B3432A1918DD00A33DDB /* Main.storyboard */; };
		9F01B3472A1918DE00A33DDB /* Assets.xcassets in Resources */ = {isa = PBXBuildFile; fileRef = 9F01B3462A1918DE00A33DDB /* Assets.xcassets */; };
		9F01B34A2A1918DE00A33DDB /* LaunchScreen.storyboard in Resources */ = {isa = PBXBuildFile; fileRef = 9F01B3482A1918DE00A33DDB /* LaunchScreen.storyboard */; };
		9F01B3552A1918DE00A33DDB /* TwitterSampleAppTests.swift in Sources */ = {isa = PBXBuildFile; fileRef = 9F01B3542A1918DE00A33DDB /* TwitterSampleAppTests.swift */; };
		9F01B35F2A1918DE00A33DDB /* TwitterSampleAppUITests.swift in Sources */ = {isa = PBXBuildFile; fileRef = 9F01B35E2A1918DE00A33DDB /* TwitterSampleAppUITests.swift */; };
		9F01B3612A1918DE00A33DDB /* TwitterSampleAppUITestsLaunchTests.swift in Sources */ = {isa = PBXBuildFile; fileRef = 9F01B3602A1918DE00A33DDB /* TwitterSampleAppUITestsLaunchTests.swift */; };
		9F3567132A3C226700B95A50 /* TweetPostViewController.swift in Sources */ = {isa = PBXBuildFile; fileRef = 9F3567122A3C226700B95A50 /* TweetPostViewController.swift */; };
		9FC067812A24162F00CBDD8C /* HomeViewController.swift in Sources */ = {isa = PBXBuildFile; fileRef = 9FC067802A24162F00CBDD8C /* HomeViewController.swift */; };
		9FC067832A24EA8900CBDD8C /* TwitterDataModel.swift in Sources */ = {isa = PBXBuildFile; fileRef = 9FC067822A24EA8900CBDD8C /* TwitterDataModel.swift */; };
		9FC067862A2A2C4F00CBDD8C /* TableViewCell.swift in Sources */ = {isa = PBXBuildFile; fileRef = 9FC067842A2A2C4F00CBDD8C /* TableViewCell.swift */; };
		9FC067872A2A2C4F00CBDD8C /* TableViewCell.xib in Resources */ = {isa = PBXBuildFile; fileRef = 9FC067852A2A2C4F00CBDD8C /* TableViewCell.xib */; };
/* End PBXBuildFile section */

/* Begin PBXContainerItemProxy section */
		9F01B3512A1918DE00A33DDB /* PBXContainerItemProxy */ = {
			isa = PBXContainerItemProxy;
			containerPortal = 9F01B3322A1918DD00A33DDB /* Project object */;
			proxyType = 1;
			remoteGlobalIDString = 9F01B3392A1918DD00A33DDB;
			remoteInfo = TwitterSampleApp;
		};
		9F01B35B2A1918DE00A33DDB /* PBXContainerItemProxy */ = {
			isa = PBXContainerItemProxy;
			containerPortal = 9F01B3322A1918DD00A33DDB /* Project object */;
			proxyType = 1;
			remoteGlobalIDString = 9F01B3392A1918DD00A33DDB;
			remoteInfo = TwitterSampleApp;
		};
/* End PBXContainerItemProxy section */

/* Begin PBXFileReference section */
		9F01B33A2A1918DD00A33DDB /* TwitterSampleApp.app */ = {isa = PBXFileReference; explicitFileType = wrapper.application; includeInIndex = 0; path = TwitterSampleApp.app; sourceTree = BUILT_PRODUCTS_DIR; };
		9F01B33D2A1918DD00A33DDB /* AppDelegate.swift */ = {isa = PBXFileReference; lastKnownFileType = sourcecode.swift; path = AppDelegate.swift; sourceTree = "<group>"; };
		9F01B33F2A1918DD00A33DDB /* SceneDelegate.swift */ = {isa = PBXFileReference; lastKnownFileType = sourcecode.swift; path = SceneDelegate.swift; sourceTree = "<group>"; };
		9F01B3442A1918DD00A33DDB /* Base */ = {isa = PBXFileReference; lastKnownFileType = file.storyboard; name = Base; path = Base.lproj/Main.storyboard; sourceTree = "<group>"; };
		9F01B3462A1918DE00A33DDB /* Assets.xcassets */ = {isa = PBXFileReference; lastKnownFileType = folder.assetcatalog; path = Assets.xcassets; sourceTree = "<group>"; };
		9F01B3492A1918DE00A33DDB /* Base */ = {isa = PBXFileReference; lastKnownFileType = file.storyboard; name = Base; path = Base.lproj/LaunchScreen.storyboard; sourceTree = "<group>"; };
		9F01B34B2A1918DE00A33DDB /* Info.plist */ = {isa = PBXFileReference; lastKnownFileType = text.plist.xml; path = Info.plist; sourceTree = "<group>"; };
		9F01B3502A1918DE00A33DDB /* TwitterSampleAppTests.xctest */ = {isa = PBXFileReference; explicitFileType = wrapper.cfbundle; includeInIndex = 0; path = TwitterSampleAppTests.xctest; sourceTree = BUILT_PRODUCTS_DIR; };
		9F01B3542A1918DE00A33DDB /* TwitterSampleAppTests.swift */ = {isa = PBXFileReference; lastKnownFileType = sourcecode.swift; path = TwitterSampleAppTests.swift; sourceTree = "<group>"; };
		9F01B35A2A1918DE00A33DDB /* TwitterSampleAppUITests.xctest */ = {isa = PBXFileReference; explicitFileType = wrapper.cfbundle; includeInIndex = 0; path = TwitterSampleAppUITests.xctest; sourceTree = BUILT_PRODUCTS_DIR; };
		9F01B35E2A1918DE00A33DDB /* TwitterSampleAppUITests.swift */ = {isa = PBXFileReference; lastKnownFileType = sourcecode.swift; path = TwitterSampleAppUITests.swift; sourceTree = "<group>"; };
		9F01B3602A1918DE00A33DDB /* TwitterSampleAppUITestsLaunchTests.swift */ = {isa = PBXFileReference; lastKnownFileType = sourcecode.swift; path = TwitterSampleAppUITestsLaunchTests.swift; sourceTree = "<group>"; };
		9F3567122A3C226700B95A50 /* TweetPostViewController.swift */ = {isa = PBXFileReference; lastKnownFileType = sourcecode.swift; path = TweetPostViewController.swift; sourceTree = "<group>"; };
		9FC067802A24162F00CBDD8C /* HomeViewController.swift */ = {isa = PBXFileReference; lastKnownFileType = sourcecode.swift; path = HomeViewController.swift; sourceTree = "<group>"; };
		9FC067822A24EA8900CBDD8C /* TwitterDataModel.swift */ = {isa = PBXFileReference; lastKnownFileType = sourcecode.swift; path = TwitterDataModel.swift; sourceTree = "<group>"; };
		9FC067842A2A2C4F00CBDD8C /* TableViewCell.swift */ = {isa = PBXFileReference; lastKnownFileType = sourcecode.swift; path = TableViewCell.swift; sourceTree = "<group>"; };
		9FC067852A2A2C4F00CBDD8C /* TableViewCell.xib */ = {isa = PBXFileReference; lastKnownFileType = file.xib; path = TableViewCell.xib; sourceTree = "<group>"; };
/* End PBXFileReference section */

/* Begin PBXFrameworksBuildPhase section */
		9F01B3372A1918DD00A33DDB /* Frameworks */ = {
			isa = PBXFrameworksBuildPhase;
			buildActionMask = 2147483647;
			files = (
			);
			runOnlyForDeploymentPostprocessing = 0;
		};
		9F01B34D2A1918DE00A33DDB /* Frameworks */ = {
			isa = PBXFrameworksBuildPhase;
			buildActionMask = 2147483647;
			files = (
			);
			runOnlyForDeploymentPostprocessing = 0;
		};
		9F01B3572A1918DE00A33DDB /* Frameworks */ = {
			isa = PBXFrameworksBuildPhase;
			buildActionMask = 2147483647;
			files = (
			);
			runOnlyForDeploymentPostprocessing = 0;
		};
/* End PBXFrameworksBuildPhase section */

/* Begin PBXGroup section */
		9F01B3312A1918DD00A33DDB = {
			isa = PBXGroup;
			children = (
				9F01B33C2A1918DD00A33DDB /* TwitterSampleApp */,
				9F01B3532A1918DE00A33DDB /* TwitterSampleAppTests */,
				9F01B35D2A1918DE00A33DDB /* TwitterSampleAppUITests */,
				9F01B33B2A1918DD00A33DDB /* Products */,
			);
			sourceTree = "<group>";
		};
		9F01B33B2A1918DD00A33DDB /* Products */ = {
			isa = PBXGroup;
			children = (
				9F01B33A2A1918DD00A33DDB /* TwitterSampleApp.app */,
				9F01B3502A1918DE00A33DDB /* TwitterSampleAppTests.xctest */,
				9F01B35A2A1918DE00A33DDB /* TwitterSampleAppUITests.xctest */,
			);
			name = Products;
			sourceTree = "<group>";
		};
		9F01B33C2A1918DD00A33DDB /* TwitterSampleApp */ = {
			isa = PBXGroup;
			children = (
				9F01B33D2A1918DD00A33DDB /* AppDelegate.swift */,
				9F01B33F2A1918DD00A33DDB /* SceneDelegate.swift */,
				9F01B3432A1918DD00A33DDB /* Main.storyboard */,
				9FC067842A2A2C4F00CBDD8C /* TableViewCell.swift */,
				9FC067852A2A2C4F00CBDD8C /* TableViewCell.xib */,
				9F01B3462A1918DE00A33DDB /* Assets.xcassets */,
				9F01B3482A1918DE00A33DDB /* LaunchScreen.storyboard */,
				9FC067802A24162F00CBDD8C /* HomeViewController.swift */,
				9F3567122A3C226700B95A50 /* TweetPostViewController.swift */,
				9F01B34B2A1918DE00A33DDB /* Info.plist */,
				9FC067822A24EA8900CBDD8C /* TwitterDataModel.swift */,
			);
			path = TwitterSampleApp;
			sourceTree = "<group>";
		};
		9F01B3532A1918DE00A33DDB /* TwitterSampleAppTests */ = {
			isa = PBXGroup;
			children = (
				9F01B3542A1918DE00A33DDB /* TwitterSampleAppTests.swift */,
			);
			path = TwitterSampleAppTests;
			sourceTree = "<group>";
		};
		9F01B35D2A1918DE00A33DDB /* TwitterSampleAppUITests */ = {
			isa = PBXGroup;
			children = (
				9F01B35E2A1918DE00A33DDB /* TwitterSampleAppUITests.swift */,
				9F01B3602A1918DE00A33DDB /* TwitterSampleAppUITestsLaunchTests.swift */,
			);
			path = TwitterSampleAppUITests;
			sourceTree = "<group>";
		};
/* End PBXGroup section */

/* Begin PBXNativeTarget section */
		9F01B3392A1918DD00A33DDB /* TwitterSampleApp */ = {
			isa = PBXNativeTarget;
			buildConfigurationList = 9F01B3642A1918DE00A33DDB /* Build configuration list for PBXNativeTarget "TwitterSampleApp" */;
			buildPhases = (
				9F01B3362A1918DD00A33DDB /* Sources */,
				9F01B3372A1918DD00A33DDB /* Frameworks */,
				9F01B3382A1918DD00A33DDB /* Resources */,
			);
			buildRules = (
			);
			dependencies = (
			);
			name = TwitterSampleApp;
			productName = TwitterSampleApp;
			productReference = 9F01B33A2A1918DD00A33DDB /* TwitterSampleApp.app */;
			productType = "com.apple.product-type.application";
		};
		9F01B34F2A1918DE00A33DDB /* TwitterSampleAppTests */ = {
			isa = PBXNativeTarget;
			buildConfigurationList = 9F01B3672A1918DE00A33DDB /* Build configuration list for PBXNativeTarget "TwitterSampleAppTests" */;
			buildPhases = (
				9F01B34C2A1918DE00A33DDB /* Sources */,
				9F01B34D2A1918DE00A33DDB /* Frameworks */,
				9F01B34E2A1918DE00A33DDB /* Resources */,
			);
			buildRules = (
			);
			dependencies = (
				9F01B3522A1918DE00A33DDB /* PBXTargetDependency */,
			);
			name = TwitterSampleAppTests;
			productName = TwitterSampleAppTests;
			productReference = 9F01B3502A1918DE00A33DDB /* TwitterSampleAppTests.xctest */;
			productType = "com.apple.product-type.bundle.unit-test";
		};
		9F01B3592A1918DE00A33DDB /* TwitterSampleAppUITests */ = {
			isa = PBXNativeTarget;
			buildConfigurationList = 9F01B36A2A1918DE00A33DDB /* Build configuration list for PBXNativeTarget "TwitterSampleAppUITests" */;
			buildPhases = (
				9F01B3562A1918DE00A33DDB /* Sources */,
				9F01B3572A1918DE00A33DDB /* Frameworks */,
				9F01B3582A1918DE00A33DDB /* Resources */,
			);
			buildRules = (
			);
			dependencies = (
				9F01B35C2A1918DE00A33DDB /* PBXTargetDependency */,
			);
			name = TwitterSampleAppUITests;
			productName = TwitterSampleAppUITests;
			productReference = 9F01B35A2A1918DE00A33DDB /* TwitterSampleAppUITests.xctest */;
			productType = "com.apple.product-type.bundle.ui-testing";
		};
/* End PBXNativeTarget section */

/* Begin PBXProject section */
		9F01B3322A1918DD00A33DDB /* Project object */ = {
			isa = PBXProject;
			attributes = {
				BuildIndependentTargetsInParallel = 1;
				LastSwiftUpdateCheck = 1420;
				LastUpgradeCheck = 1420;
				TargetAttributes = {
					9F01B3392A1918DD00A33DDB = {
						CreatedOnToolsVersion = 14.2;
					};
					9F01B34F2A1918DE00A33DDB = {
						CreatedOnToolsVersion = 14.2;
						TestTargetID = 9F01B3392A1918DD00A33DDB;
					};
					9F01B3592A1918DE00A33DDB = {
						CreatedOnToolsVersion = 14.2;
						TestTargetID = 9F01B3392A1918DD00A33DDB;
					};
				};
			};
			buildConfigurationList = 9F01B3352A1918DD00A33DDB /* Build configuration list for PBXProject "TwitterSampleApp" */;
			compatibilityVersion = "Xcode 14.0";
			developmentRegion = en;
			hasScannedForEncodings = 0;
			knownRegions = (
				en,
				Base,
			);
			mainGroup = 9F01B3312A1918DD00A33DDB;
			productRefGroup = 9F01B33B2A1918DD00A33DDB /* Products */;
			projectDirPath = "";
			projectRoot = "";
			targets = (
				9F01B3392A1918DD00A33DDB /* TwitterSampleApp */,
				9F01B34F2A1918DE00A33DDB /* TwitterSampleAppTests */,
				9F01B3592A1918DE00A33DDB /* TwitterSampleAppUITests */,
			);
		};
/* End PBXProject section */

/* Begin PBXResourcesBuildPhase section */
		9F01B3382A1918DD00A33DDB /* Resources */ = {
			isa = PBXResourcesBuildPhase;
			buildActionMask = 2147483647;
			files = (
				9F01B34A2A1918DE00A33DDB /* LaunchScreen.storyboard in Resources */,
				9FC067872A2A2C4F00CBDD8C /* TableViewCell.xib in Resources */,
				9F01B3472A1918DE00A33DDB /* Assets.xcassets in Resources */,
				9F01B3452A1918DD00A33DDB /* Main.storyboard in Resources */,
			);
			runOnlyForDeploymentPostprocessing = 0;
		};
		9F01B34E2A1918DE00A33DDB /* Resources */ = {
			isa = PBXResourcesBuildPhase;
			buildActionMask = 2147483647;
			files = (
			);
			runOnlyForDeploymentPostprocessing = 0;
		};
		9F01B3582A1918DE00A33DDB /* Resources */ = {
			isa = PBXResourcesBuildPhase;
			buildActionMask = 2147483647;
			files = (
			);
			runOnlyForDeploymentPostprocessing = 0;
		};
/* End PBXResourcesBuildPhase section */

/* Begin PBXSourcesBuildPhase section */
		9F01B3362A1918DD00A33DDB /* Sources */ = {
			isa = PBXSourcesBuildPhase;
			buildActionMask = 2147483647;
			files = (
				9FC067862A2A2C4F00CBDD8C /* TableViewCell.swift in Sources */,
				9F01B33E2A1918DD00A33DDB /* AppDelegate.swift in Sources */,
				9F01B3402A1918DD00A33DDB /* SceneDelegate.swift in Sources */,
				9FC067812A24162F00CBDD8C /* HomeViewController.swift in Sources */,
				9F3567132A3C226700B95A50 /* TweetPostViewController.swift in Sources */,
				9FC067832A24EA8900CBDD8C /* TwitterDataModel.swift in Sources */,
			);
			runOnlyForDeploymentPostprocessing = 0;
		};
		9F01B34C2A1918DE00A33DDB /* Sources */ = {
			isa = PBXSourcesBuildPhase;
			buildActionMask = 2147483647;
			files = (
				9F01B3552A1918DE00A33DDB /* TwitterSampleAppTests.swift in Sources */,
			);
			runOnlyForDeploymentPostprocessing = 0;
		};
		9F01B3562A1918DE00A33DDB /* Sources */ = {
			isa = PBXSourcesBuildPhase;
			buildActionMask = 2147483647;
			files = (
				9F01B3612A1918DE00A33DDB /* TwitterSampleAppUITestsLaunchTests.swift in Sources */,
				9F01B35F2A1918DE00A33DDB /* TwitterSampleAppUITests.swift in Sources */,
			);
			runOnlyForDeploymentPostprocessing = 0;
		};
/* End PBXSourcesBuildPhase section */

/* Begin PBXTargetDependency section */
		9F01B3522A1918DE00A33DDB /* PBXTargetDependency */ = {
			isa = PBXTargetDependency;
			target = 9F01B3392A1918DD00A33DDB /* TwitterSampleApp */;
			targetProxy = 9F01B3512A1918DE00A33DDB /* PBXContainerItemProxy */;
		};
		9F01B35C2A1918DE00A33DDB /* PBXTargetDependency */ = {
			isa = PBXTargetDependency;
			target = 9F01B3392A1918DD00A33DDB /* TwitterSampleApp */;
			targetProxy = 9F01B35B2A1918DE00A33DDB /* PBXContainerItemProxy */;
		};
/* End PBXTargetDependency section */

/* Begin PBXVariantGroup section */
		9F01B3432A1918DD00A33DDB /* Main.storyboard */ = {
			isa = PBXVariantGroup;
			children = (
				9F01B3442A1918DD00A33DDB /* Base */,
			);
			name = Main.storyboard;
			sourceTree = "<group>";
		};
		9F01B3482A1918DE00A33DDB /* LaunchScreen.storyboard */ = {
			isa = PBXVariantGroup;
			children = (
				9F01B3492A1918DE00A33DDB /* Base */,
			);
			name = LaunchScreen.storyboard;
			sourceTree = "<group>";
		};
/* End PBXVariantGroup section */

/* Begin XCBuildConfiguration section */
		9F01B3622A1918DE00A33DDB /* Debug */ = {
			isa = XCBuildConfiguration;
			buildSettings = {
				ALWAYS_SEARCH_USER_PATHS = NO;
				CLANG_ANALYZER_NONNULL = YES;
				CLANG_ANALYZER_NUMBER_OBJECT_CONVERSION = YES_AGGRESSIVE;
				CLANG_CXX_LANGUAGE_STANDARD = "gnu++20";
				CLANG_ENABLE_MODULES = YES;
				CLANG_ENABLE_OBJC_ARC = YES;
				CLANG_ENABLE_OBJC_WEAK = YES;
				CLANG_WARN_BLOCK_CAPTURE_AUTORELEASING = YES;
				CLANG_WARN_BOOL_CONVERSION = YES;
				CLANG_WARN_COMMA = YES;
				CLANG_WARN_CONSTANT_CONVERSION = YES;
				CLANG_WARN_DEPRECATED_OBJC_IMPLEMENTATIONS = YES;
				CLANG_WARN_DIRECT_OBJC_ISA_USAGE = YES_ERROR;
				CLANG_WARN_DOCUMENTATION_COMMENTS = YES;
				CLANG_WARN_EMPTY_BODY = YES;
				CLANG_WARN_ENUM_CONVERSION = YES;
				CLANG_WARN_INFINITE_RECURSION = YES;
				CLANG_WARN_INT_CONVERSION = YES;
				CLANG_WARN_NON_LITERAL_NULL_CONVERSION = YES;
				CLANG_WARN_OBJC_IMPLICIT_RETAIN_SELF = YES;
				CLANG_WARN_OBJC_LITERAL_CONVERSION = YES;
				CLANG_WARN_OBJC_ROOT_CLASS = YES_ERROR;
				CLANG_WARN_QUOTED_INCLUDE_IN_FRAMEWORK_HEADER = YES;
				CLANG_WARN_RANGE_LOOP_ANALYSIS = YES;
				CLANG_WARN_STRICT_PROTOTYPES = YES;
				CLANG_WARN_SUSPICIOUS_MOVE = YES;
				CLANG_WARN_UNGUARDED_AVAILABILITY = YES_AGGRESSIVE;
				CLANG_WARN_UNREACHABLE_CODE = YES;
				CLANG_WARN__DUPLICATE_METHOD_MATCH = YES;
				COPY_PHASE_STRIP = NO;
				DEBUG_INFORMATION_FORMAT = dwarf;
				ENABLE_STRICT_OBJC_MSGSEND = YES;
				ENABLE_TESTABILITY = YES;
				GCC_C_LANGUAGE_STANDARD = gnu11;
				GCC_DYNAMIC_NO_PIC = NO;
				GCC_NO_COMMON_BLOCKS = YES;
				GCC_OPTIMIZATION_LEVEL = 0;
				GCC_PREPROCESSOR_DEFINITIONS = (
					"DEBUG=1",
					"$(inherited)",
				);
				GCC_WARN_64_TO_32_BIT_CONVERSION = YES;
				GCC_WARN_ABOUT_RETURN_TYPE = YES_ERROR;
				GCC_WARN_UNDECLARED_SELECTOR = YES;
				GCC_WARN_UNINITIALIZED_AUTOS = YES_AGGRESSIVE;
				GCC_WARN_UNUSED_FUNCTION = YES;
				GCC_WARN_UNUSED_VARIABLE = YES;
				IPHONEOS_DEPLOYMENT_TARGET = 16.2;
				MTL_ENABLE_DEBUG_INFO = INCLUDE_SOURCE;
				MTL_FAST_MATH = YES;
				ONLY_ACTIVE_ARCH = YES;
				SDKROOT = iphoneos;
				SWIFT_ACTIVE_COMPILATION_CONDITIONS = DEBUG;
				SWIFT_OPTIMIZATION_LEVEL = "-Onone";
			};
			name = Debug;
		};
		9F01B3632A1918DE00A33DDB /* Release */ = {
			isa = XCBuildConfiguration;
			buildSettings = {
				ALWAYS_SEARCH_USER_PATHS = NO;
				CLANG_ANALYZER_NONNULL = YES;
				CLANG_ANALYZER_NUMBER_OBJECT_CONVERSION = YES_AGGRESSIVE;
				CLANG_CXX_LANGUAGE_STANDARD = "gnu++20";
				CLANG_ENABLE_MODULES = YES;
				CLANG_ENABLE_OBJC_ARC = YES;
				CLANG_ENABLE_OBJC_WEAK = YES;
				CLANG_WARN_BLOCK_CAPTURE_AUTORELEASING = YES;
				CLANG_WARN_BOOL_CONVERSION = YES;
				CLANG_WARN_COMMA = YES;
				CLANG_WARN_CONSTANT_CONVERSION = YES;
				CLANG_WARN_DEPRECATED_OBJC_IMPLEMENTATIONS = YES;
				CLANG_WARN_DIRECT_OBJC_ISA_USAGE = YES_ERROR;
				CLANG_WARN_DOCUMENTATION_COMMENTS = YES;
				CLANG_WARN_EMPTY_BODY = YES;
				CLANG_WARN_ENUM_CONVERSION = YES;
				CLANG_WARN_INFINITE_RECURSION = YES;
				CLANG_WARN_INT_CONVERSION = YES;
				CLANG_WARN_NON_LITERAL_NULL_CONVERSION = YES;
				CLANG_WARN_OBJC_IMPLICIT_RETAIN_SELF = YES;
				CLANG_WARN_OBJC_LITERAL_CONVERSION = YES;
				CLANG_WARN_OBJC_ROOT_CLASS = YES_ERROR;
				CLANG_WARN_QUOTED_INCLUDE_IN_FRAMEWORK_HEADER = YES;
				CLANG_WARN_RANGE_LOOP_ANALYSIS = YES;
				CLANG_WARN_STRICT_PROTOTYPES = YES;
				CLANG_WARN_SUSPICIOUS_MOVE = YES;
				CLANG_WARN_UNGUARDED_AVAILABILITY = YES_AGGRESSIVE;
				CLANG_WARN_UNREACHABLE_CODE = YES;
				CLANG_WARN__DUPLICATE_METHOD_MATCH = YES;
				COPY_PHASE_STRIP = NO;
				DEBUG_INFORMATION_FORMAT = "dwarf-with-dsym";
				ENABLE_NS_ASSERTIONS = NO;
				ENABLE_STRICT_OBJC_MSGSEND = YES;
				GCC_C_LANGUAGE_STANDARD = gnu11;
				GCC_NO_COMMON_BLOCKS = YES;
				GCC_WARN_64_TO_32_BIT_CONVERSION = YES;
				GCC_WARN_ABOUT_RETURN_TYPE = YES_ERROR;
				GCC_WARN_UNDECLARED_SELECTOR = YES;
				GCC_WARN_UNINITIALIZED_AUTOS = YES_AGGRESSIVE;
				GCC_WARN_UNUSED_FUNCTION = YES;
				GCC_WARN_UNUSED_VARIABLE = YES;
				IPHONEOS_DEPLOYMENT_TARGET = 16.2;
				MTL_ENABLE_DEBUG_INFO = NO;
				MTL_FAST_MATH = YES;
				SDKROOT = iphoneos;
				SWIFT_COMPILATION_MODE = wholemodule;
				SWIFT_OPTIMIZATION_LEVEL = "-O";
				VALIDATE_PRODUCT = YES;
			};
			name = Release;
		};
		9F01B3652A1918DE00A33DDB /* Debug */ = {
			isa = XCBuildConfiguration;
			buildSettings = {
				ASSETCATALOG_COMPILER_APPICON_NAME = AppIcon;
				ASSETCATALOG_COMPILER_GLOBAL_ACCENT_COLOR_NAME = AccentColor;
				CODE_SIGN_STYLE = Automatic;
				CURRENT_PROJECT_VERSION = 1;
				DEVELOPMENT_TEAM = 9SYYHHW639;
				GENERATE_INFOPLIST_FILE = YES;
				INFOPLIST_FILE = TwitterSampleApp/Info.plist;
				INFOPLIST_KEY_UIApplicationSupportsIndirectInputEvents = YES;
				INFOPLIST_KEY_UILaunchStoryboardName = LaunchScreen;
				INFOPLIST_KEY_UIMainStoryboardFile = Main;
				INFOPLIST_KEY_UISupportedInterfaceOrientations_iPad = "UIInterfaceOrientationPortrait UIInterfaceOrientationPortraitUpsideDown UIInterfaceOrientationLandscapeLeft UIInterfaceOrientationLandscapeRight";
				INFOPLIST_KEY_UISupportedInterfaceOrientations_iPhone = "UIInterfaceOrientationPortrait UIInterfaceOrientationLandscapeLeft UIInterfaceOrientationLandscapeRight";
				LD_RUNPATH_SEARCH_PATHS = (
					"$(inherited)",
					"@executable_path/Frameworks",
				);
				MARKETING_VERSION = 1.0;
				PRODUCT_BUNDLE_IDENTIFIER = kyoko.TwitterSampleApp;
				PRODUCT_NAME = "$(TARGET_NAME)";
				SWIFT_EMIT_LOC_STRINGS = YES;
				SWIFT_VERSION = 5.0;
				TARGETED_DEVICE_FAMILY = "1,2";
			};
			name = Debug;
		};
		9F01B3662A1918DE00A33DDB /* Release */ = {
			isa = XCBuildConfiguration;
			buildSettings = {
				ASSETCATALOG_COMPILER_APPICON_NAME = AppIcon;
				ASSETCATALOG_COMPILER_GLOBAL_ACCENT_COLOR_NAME = AccentColor;
				CODE_SIGN_STYLE = Automatic;
				CURRENT_PROJECT_VERSION = 1;
				DEVELOPMENT_TEAM = 9SYYHHW639;
				GENERATE_INFOPLIST_FILE = YES;
				INFOPLIST_FILE = TwitterSampleApp/Info.plist;
				INFOPLIST_KEY_UIApplicationSupportsIndirectInputEvents = YES;
				INFOPLIST_KEY_UILaunchStoryboardName = LaunchScreen;
				INFOPLIST_KEY_UIMainStoryboardFile = Main;
				INFOPLIST_KEY_UISupportedInterfaceOrientations_iPad = "UIInterfaceOrientationPortrait UIInterfaceOrientationPortraitUpsideDown UIInterfaceOrientationLandscapeLeft UIInterfaceOrientationLandscapeRight";
				INFOPLIST_KEY_UISupportedInterfaceOrientations_iPhone = "UIInterfaceOrientationPortrait UIInterfaceOrientationLandscapeLeft UIInterfaceOrientationLandscapeRight";
				LD_RUNPATH_SEARCH_PATHS = (
					"$(inherited)",
					"@executable_path/Frameworks",
				);
				MARKETING_VERSION = 1.0;
				PRODUCT_BUNDLE_IDENTIFIER = kyoko.TwitterSampleApp;
				PRODUCT_NAME = "$(TARGET_NAME)";
				SWIFT_EMIT_LOC_STRINGS = YES;
				SWIFT_VERSION = 5.0;
				TARGETED_DEVICE_FAMILY = "1,2";
			};
			name = Release;
		};
		9F01B3682A1918DE00A33DDB /* Debug */ = {
			isa = XCBuildConfiguration;
			buildSettings = {
				ALWAYS_EMBED_SWIFT_STANDARD_LIBRARIES = YES;
				BUNDLE_LOADER = "$(TEST_HOST)";
				CODE_SIGN_STYLE = Automatic;
				CURRENT_PROJECT_VERSION = 1;
				DEVELOPMENT_TEAM = 9SYYHHW639;
				GENERATE_INFOPLIST_FILE = YES;
				IPHONEOS_DEPLOYMENT_TARGET = 16.2;
				MARKETING_VERSION = 1.0;
				PRODUCT_BUNDLE_IDENTIFIER = kyoko.TwitterSampleAppTests;
				PRODUCT_NAME = "$(TARGET_NAME)";
				SWIFT_EMIT_LOC_STRINGS = NO;
				SWIFT_VERSION = 5.0;
				TARGETED_DEVICE_FAMILY = "1,2";
				TEST_HOST = "$(BUILT_PRODUCTS_DIR)/TwitterSampleApp.app/$(BUNDLE_EXECUTABLE_FOLDER_PATH)/TwitterSampleApp";
			};
			name = Debug;
		};
		9F01B3692A1918DE00A33DDB /* Release */ = {
			isa = XCBuildConfiguration;
			buildSettings = {
				ALWAYS_EMBED_SWIFT_STANDARD_LIBRARIES = YES;
				BUNDLE_LOADER = "$(TEST_HOST)";
				CODE_SIGN_STYLE = Automatic;
				CURRENT_PROJECT_VERSION = 1;
				DEVELOPMENT_TEAM = 9SYYHHW639;
				GENERATE_INFOPLIST_FILE = YES;
				IPHONEOS_DEPLOYMENT_TARGET = 16.2;
				MARKETING_VERSION = 1.0;
				PRODUCT_BUNDLE_IDENTIFIER = kyoko.TwitterSampleAppTests;
				PRODUCT_NAME = "$(TARGET_NAME)";
				SWIFT_EMIT_LOC_STRINGS = NO;
				SWIFT_VERSION = 5.0;
				TARGETED_DEVICE_FAMILY = "1,2";
				TEST_HOST = "$(BUILT_PRODUCTS_DIR)/TwitterSampleApp.app/$(BUNDLE_EXECUTABLE_FOLDER_PATH)/TwitterSampleApp";
			};
			name = Release;
		};
		9F01B36B2A1918DE00A33DDB /* Debug */ = {
			isa = XCBuildConfiguration;
			buildSettings = {
				ALWAYS_EMBED_SWIFT_STANDARD_LIBRARIES = YES;
				CODE_SIGN_STYLE = Automatic;
				CURRENT_PROJECT_VERSION = 1;
				DEVELOPMENT_TEAM = 9SYYHHW639;
				GENERATE_INFOPLIST_FILE = YES;
				MARKETING_VERSION = 1.0;
				PRODUCT_BUNDLE_IDENTIFIER = kyoko.TwitterSampleAppUITests;
				PRODUCT_NAME = "$(TARGET_NAME)";
				SWIFT_EMIT_LOC_STRINGS = NO;
				SWIFT_VERSION = 5.0;
				TARGETED_DEVICE_FAMILY = "1,2";
				TEST_TARGET_NAME = TwitterSampleApp;
			};
			name = Debug;
		};
		9F01B36C2A1918DE00A33DDB /* Release */ = {
			isa = XCBuildConfiguration;
			buildSettings = {
				ALWAYS_EMBED_SWIFT_STANDARD_LIBRARIES = YES;
				CODE_SIGN_STYLE = Automatic;
				CURRENT_PROJECT_VERSION = 1;
				DEVELOPMENT_TEAM = 9SYYHHW639;
				GENERATE_INFOPLIST_FILE = YES;
				MARKETING_VERSION = 1.0;
				PRODUCT_BUNDLE_IDENTIFIER = kyoko.TwitterSampleAppUITests;
				PRODUCT_NAME = "$(TARGET_NAME)";
				SWIFT_EMIT_LOC_STRINGS = NO;
				SWIFT_VERSION = 5.0;
				TARGETED_DEVICE_FAMILY = "1,2";
				TEST_TARGET_NAME = TwitterSampleApp;
			};
			name = Release;
		};
/* End XCBuildConfiguration section */

/* Begin XCConfigurationList section */
		9F01B3352A1918DD00A33DDB /* Build configuration list for PBXProject "TwitterSampleApp" */ = {
			isa = XCConfigurationList;
			buildConfigurations = (
				9F01B3622A1918DE00A33DDB /* Debug */,
				9F01B3632A1918DE00A33DDB /* Release */,
			);
			defaultConfigurationIsVisible = 0;
			defaultConfigurationName = Release;
		};
		9F01B3642A1918DE00A33DDB /* Build configuration list for PBXNativeTarget "TwitterSampleApp" */ = {
			isa = XCConfigurationList;
			buildConfigurations = (
				9F01B3652A1918DE00A33DDB /* Debug */,
				9F01B3662A1918DE00A33DDB /* Release */,
			);
			defaultConfigurationIsVisible = 0;
			defaultConfigurationName = Release;
		};
		9F01B3672A1918DE00A33DDB /* Build configuration list for PBXNativeTarget "TwitterSampleAppTests" */ = {
			isa = XCConfigurationList;
			buildConfigurations = (
				9F01B3682A1918DE00A33DDB /* Debug */,
				9F01B3692A1918DE00A33DDB /* Release */,
			);
			defaultConfigurationIsVisible = 0;
			defaultConfigurationName = Release;
		};
		9F01B36A2A1918DE00A33DDB /* Build configuration list for PBXNativeTarget "TwitterSampleAppUITests" */ = {
			isa = XCConfigurationList;
			buildConfigurations = (
				9F01B36B2A1918DE00A33DDB /* Debug */,
				9F01B36C2A1918DE00A33DDB /* Release */,
			);
			defaultConfigurationIsVisible = 0;
			defaultConfigurationName = Release;
		};
/* End XCConfigurationList section */
	};
	rootObject = 9F01B3322A1918DD00A33DDB /* Project object */;
}
